// !$*UTF8*$!
{
	archiveVersion = 1;
	classes = {
	};
	objectVersion = 46;
	objects = {

/* Begin PBXBuildFile section */
		414762001DEFA66700666F77 /* AppDelegate.swift in Sources */ = {isa = PBXBuildFile; fileRef = 414761FF1DEFA66700666F77 /* AppDelegate.swift */; };
		414762021DEFA66700666F77 /* ViewController.swift in Sources */ = {isa = PBXBuildFile; fileRef = 414762011DEFA66700666F77 /* ViewController.swift */; };
		414762051DEFA66700666F77 /* Main.storyboard in Resources */ = {isa = PBXBuildFile; fileRef = 414762031DEFA66700666F77 /* Main.storyboard */; };
		414762071DEFA66700666F77 /* Assets.xcassets in Resources */ = {isa = PBXBuildFile; fileRef = 414762061DEFA66700666F77 /* Assets.xcassets */; };
		4147620A1DEFA66700666F77 /* LaunchScreen.storyboard in Resources */ = {isa = PBXBuildFile; fileRef = 414762081DEFA66700666F77 /* LaunchScreen.storyboard */; };
		414762151DEFA66700666F77 /* Inspector_AppTests.swift in Sources */ = {isa = PBXBuildFile; fileRef = 414762141DEFA66700666F77 /* Inspector_AppTests.swift */; };
		414762201DEFA66800666F77 /* Inspector_AppUITests.swift in Sources */ = {isa = PBXBuildFile; fileRef = 4147621F1DEFA66800666F77 /* Inspector_AppUITests.swift */; };
		41E521BA1DF0A28D00D793FB /* PaneTableViewCell.swift in Sources */ = {isa = PBXBuildFile; fileRef = 41E521B91DF0A28D00D793FB /* PaneTableViewCell.swift */; };
		41E521BC1DF0BEDC00D793FB /* Inspection.swift in Sources */ = {isa = PBXBuildFile; fileRef = 41E521BB1DF0BEDC00D793FB /* Inspection.swift */; };
/* End PBXBuildFile section */

/* Begin PBXContainerItemProxy section */
		414762111DEFA66700666F77 /* PBXContainerItemProxy */ = {
			isa = PBXContainerItemProxy;
			containerPortal = 414761F41DEFA66700666F77 /* Project object */;
			proxyType = 1;
			remoteGlobalIDString = 414761FB1DEFA66700666F77;
			remoteInfo = "Inspector App";
		};
		4147621C1DEFA66800666F77 /* PBXContainerItemProxy */ = {
			isa = PBXContainerItemProxy;
			containerPortal = 414761F41DEFA66700666F77 /* Project object */;
			proxyType = 1;
			remoteGlobalIDString = 414761FB1DEFA66700666F77;
			remoteInfo = "Inspector App";
		};
/* End PBXContainerItemProxy section */

/* Begin PBXFileReference section */
		414761FC1DEFA66700666F77 /* Inspector App.app */ = {isa = PBXFileReference; explicitFileType = wrapper.application; includeInIndex = 0; path = "Inspector App.app"; sourceTree = BUILT_PRODUCTS_DIR; };
		414761FF1DEFA66700666F77 /* AppDelegate.swift */ = {isa = PBXFileReference; lastKnownFileType = sourcecode.swift; path = AppDelegate.swift; sourceTree = "<group>"; };
		414762011DEFA66700666F77 /* ViewController.swift */ = {isa = PBXFileReference; lastKnownFileType = sourcecode.swift; path = ViewController.swift; sourceTree = "<group>"; };
		414762041DEFA66700666F77 /* Base */ = {isa = PBXFileReference; lastKnownFileType = file.storyboard; name = Base; path = Base.lproj/Main.storyboard; sourceTree = "<group>"; };
		414762061DEFA66700666F77 /* Assets.xcassets */ = {isa = PBXFileReference; lastKnownFileType = folder.assetcatalog; path = Assets.xcassets; sourceTree = "<group>"; };
		414762091DEFA66700666F77 /* Base */ = {isa = PBXFileReference; lastKnownFileType = file.storyboard; name = Base; path = Base.lproj/LaunchScreen.storyboard; sourceTree = "<group>"; };
		4147620B1DEFA66700666F77 /* Info.plist */ = {isa = PBXFileReference; lastKnownFileType = text.plist.xml; path = Info.plist; sourceTree = "<group>"; };
		414762101DEFA66700666F77 /* Inspector AppTests.xctest */ = {isa = PBXFileReference; explicitFileType = wrapper.cfbundle; includeInIndex = 0; path = "Inspector AppTests.xctest"; sourceTree = BUILT_PRODUCTS_DIR; };
		414762141DEFA66700666F77 /* Inspector_AppTests.swift */ = {isa = PBXFileReference; lastKnownFileType = sourcecode.swift; path = Inspector_AppTests.swift; sourceTree = "<group>"; };
		414762161DEFA66800666F77 /* Info.plist */ = {isa = PBXFileReference; lastKnownFileType = text.plist.xml; path = Info.plist; sourceTree = "<group>"; };
		4147621B1DEFA66800666F77 /* Inspector AppUITests.xctest */ = {isa = PBXFileReference; explicitFileType = wrapper.cfbundle; includeInIndex = 0; path = "Inspector AppUITests.xctest"; sourceTree = BUILT_PRODUCTS_DIR; };
		4147621F1DEFA66800666F77 /* Inspector_AppUITests.swift */ = {isa = PBXFileReference; lastKnownFileType = sourcecode.swift; path = Inspector_AppUITests.swift; sourceTree = "<group>"; };
		414762211DEFA66800666F77 /* Info.plist */ = {isa = PBXFileReference; lastKnownFileType = text.plist.xml; path = Info.plist; sourceTree = "<group>"; };
		41E521B91DF0A28D00D793FB /* PaneTableViewCell.swift */ = {isa = PBXFileReference; fileEncoding = 4; lastKnownFileType = sourcecode.swift; path = PaneTableViewCell.swift; sourceTree = "<group>"; };
		41E521BB1DF0BEDC00D793FB /* Inspection.swift */ = {isa = PBXFileReference; fileEncoding = 4; lastKnownFileType = sourcecode.swift; path = Inspection.swift; sourceTree = "<group>"; };
/* End PBXFileReference section */

/* Begin PBXFrameworksBuildPhase section */
		414761F91DEFA66700666F77 /* Frameworks */ = {
			isa = PBXFrameworksBuildPhase;
			buildActionMask = 2147483647;
			files = (
			);
			runOnlyForDeploymentPostprocessing = 0;
		};
		4147620D1DEFA66700666F77 /* Frameworks */ = {
			isa = PBXFrameworksBuildPhase;
			buildActionMask = 2147483647;
			files = (
			);
			runOnlyForDeploymentPostprocessing = 0;
		};
		414762181DEFA66800666F77 /* Frameworks */ = {
			isa = PBXFrameworksBuildPhase;
			buildActionMask = 2147483647;
			files = (
			);
			runOnlyForDeploymentPostprocessing = 0;
		};
/* End PBXFrameworksBuildPhase section */

/* Begin PBXGroup section */
		414761F31DEFA66700666F77 = {
			isa = PBXGroup;
			children = (
				414761FE1DEFA66700666F77 /* Inspector App */,
				414762131DEFA66700666F77 /* Inspector AppTests */,
				4147621E1DEFA66800666F77 /* Inspector AppUITests */,
				414761FD1DEFA66700666F77 /* Products */,
			);
			sourceTree = "<group>";
		};
		414761FD1DEFA66700666F77 /* Products */ = {
			isa = PBXGroup;
			children = (
				414761FC1DEFA66700666F77 /* Inspector App.app */,
				414762101DEFA66700666F77 /* Inspector AppTests.xctest */,
				4147621B1DEFA66800666F77 /* Inspector AppUITests.xctest */,
			);
			name = Products;
			sourceTree = "<group>";
		};
		414761FE1DEFA66700666F77 /* Inspector App */ = {
			isa = PBXGroup;
			children = (
				414761FF1DEFA66700666F77 /* AppDelegate.swift */,
				414762011DEFA66700666F77 /* ViewController.swift */,
				414762031DEFA66700666F77 /* Main.storyboard */,
				41E521BB1DF0BEDC00D793FB /* Inspection.swift */,
				41E521B91DF0A28D00D793FB /* PaneTableViewCell.swift */,
				414762061DEFA66700666F77 /* Assets.xcassets */,
				414762081DEFA66700666F77 /* LaunchScreen.storyboard */,
				4147620B1DEFA66700666F77 /* Info.plist */,
			);
			path = "Inspector App";
			sourceTree = "<group>";
		};
		414762131DEFA66700666F77 /* Inspector AppTests */ = {
			isa = PBXGroup;
			children = (
				414762141DEFA66700666F77 /* Inspector_AppTests.swift */,
				414762161DEFA66800666F77 /* Info.plist */,
			);
			path = "Inspector AppTests";
			sourceTree = "<group>";
		};
		4147621E1DEFA66800666F77 /* Inspector AppUITests */ = {
			isa = PBXGroup;
			children = (
				4147621F1DEFA66800666F77 /* Inspector_AppUITests.swift */,
				414762211DEFA66800666F77 /* Info.plist */,
			);
			path = "Inspector AppUITests";
			sourceTree = "<group>";
		};
/* End PBXGroup section */

/* Begin PBXNativeTarget section */
		414761FB1DEFA66700666F77 /* Inspector App */ = {
			isa = PBXNativeTarget;
			buildConfigurationList = 414762241DEFA66800666F77 /* Build configuration list for PBXNativeTarget "Inspector App" */;
			buildPhases = (
				414761F81DEFA66700666F77 /* Sources */,
				414761F91DEFA66700666F77 /* Frameworks */,
				414761FA1DEFA66700666F77 /* Resources */,
			);
			buildRules = (
			);
			dependencies = (
			);
			name = "Inspector App";
			productName = "Inspector App";
			productReference = 414761FC1DEFA66700666F77 /* Inspector App.app */;
			productType = "com.apple.product-type.application";
		};
		4147620F1DEFA66700666F77 /* Inspector AppTests */ = {
			isa = PBXNativeTarget;
			buildConfigurationList = 414762271DEFA66800666F77 /* Build configuration list for PBXNativeTarget "Inspector AppTests" */;
			buildPhases = (
				4147620C1DEFA66700666F77 /* Sources */,
				4147620D1DEFA66700666F77 /* Frameworks */,
				4147620E1DEFA66700666F77 /* Resources */,
			);
			buildRules = (
			);
			dependencies = (
				414762121DEFA66700666F77 /* PBXTargetDependency */,
			);
			name = "Inspector AppTests";
			productName = "Inspector AppTests";
			productReference = 414762101DEFA66700666F77 /* Inspector AppTests.xctest */;
			productType = "com.apple.product-type.bundle.unit-test";
		};
		4147621A1DEFA66800666F77 /* Inspector AppUITests */ = {
			isa = PBXNativeTarget;
			buildConfigurationList = 4147622A1DEFA66800666F77 /* Build configuration list for PBXNativeTarget "Inspector AppUITests" */;
			buildPhases = (
				414762171DEFA66800666F77 /* Sources */,
				414762181DEFA66800666F77 /* Frameworks */,
				414762191DEFA66800666F77 /* Resources */,
			);
			buildRules = (
			);
			dependencies = (
				4147621D1DEFA66800666F77 /* PBXTargetDependency */,
			);
			name = "Inspector AppUITests";
			productName = "Inspector AppUITests";
			productReference = 4147621B1DEFA66800666F77 /* Inspector AppUITests.xctest */;
			productType = "com.apple.product-type.bundle.ui-testing";
		};
/* End PBXNativeTarget section */

/* Begin PBXProject section */
		414761F41DEFA66700666F77 /* Project object */ = {
			isa = PBXProject;
			attributes = {
				LastSwiftUpdateCheck = 0800;
				LastUpgradeCheck = 0800;
				ORGANIZATIONNAME = "Jared Speck";
				TargetAttributes = {
					414761FB1DEFA66700666F77 = {
						CreatedOnToolsVersion = 8.0;
						ProvisioningStyle = Automatic;
					};
					4147620F1DEFA66700666F77 = {
						CreatedOnToolsVersion = 8.0;
						ProvisioningStyle = Automatic;
						TestTargetID = 414761FB1DEFA66700666F77;
					};
					4147621A1DEFA66800666F77 = {
						CreatedOnToolsVersion = 8.0;
						ProvisioningStyle = Automatic;
						TestTargetID = 414761FB1DEFA66700666F77;
					};
				};
			};
			buildConfigurationList = 414761F71DEFA66700666F77 /* Build configuration list for PBXProject "Inspector App" */;
			compatibilityVersion = "Xcode 3.2";
			developmentRegion = English;
			hasScannedForEncodings = 0;
			knownRegions = (
				en,
				Base,
			);
			mainGroup = 414761F31DEFA66700666F77;
			productRefGroup = 414761FD1DEFA66700666F77 /* Products */;
			projectDirPath = "";
			projectRoot = "";
			targets = (
				414761FB1DEFA66700666F77 /* Inspector App */,
				4147620F1DEFA66700666F77 /* Inspector AppTests */,
				4147621A1DEFA66800666F77 /* Inspector AppUITests */,
			);
		};
/* End PBXProject section */

/* Begin PBXResourcesBuildPhase section */
		414761FA1DEFA66700666F77 /* Resources */ = {
			isa = PBXResourcesBuildPhase;
			buildActionMask = 2147483647;
			files = (
				4147620A1DEFA66700666F77 /* LaunchScreen.storyboard in Resources */,
				414762071DEFA66700666F77 /* Assets.xcassets in Resources */,
				414762051DEFA66700666F77 /* Main.storyboard in Resources */,
			);
			runOnlyForDeploymentPostprocessing = 0;
		};
		4147620E1DEFA66700666F77 /* Resources */ = {
			isa = PBXResourcesBuildPhase;
			buildActionMask = 2147483647;
			files = (
			);
			runOnlyForDeploymentPostprocessing = 0;
		};
		414762191DEFA66800666F77 /* Resources */ = {
			isa = PBXResourcesBuildPhase;
			buildActionMask = 2147483647;
			files = (
			);
			runOnlyForDeploymentPostprocessing = 0;
		};
/* End PBXResourcesBuildPhase section */

/* Begin PBXSourcesBuildPhase section */
		414761F81DEFA66700666F77 /* Sources */ = {
			isa = PBXSourcesBuildPhase;
			buildActionMask = 2147483647;
			files = (
				414762021DEFA66700666F77 /* ViewController.swift in Sources */,
				414762001DEFA66700666F77 /* AppDelegate.swift in Sources */,
				41E521BA1DF0A28D00D793FB /* PaneTableViewCell.swift in Sources */,
				41E521BC1DF0BEDC00D793FB /* Inspection.swift in Sources */,
			);
			runOnlyForDeploymentPostprocessing = 0;
		};
		4147620C1DEFA66700666F77 /* Sources */ = {
			isa = PBXSourcesBuildPhase;
			buildActionMask = 2147483647;
			files = (
				414762151DEFA66700666F77 /* Inspector_AppTests.swift in Sources */,
			);
			runOnlyForDeploymentPostprocessing = 0;
		};
		414762171DEFA66800666F77 /* Sources */ = {
			isa = PBXSourcesBuildPhase;
			buildActionMask = 2147483647;
			files = (
				414762201DEFA66800666F77 /* Inspector_AppUITests.swift in Sources */,
			);
			runOnlyForDeploymentPostprocessing = 0;
		};
/* End PBXSourcesBuildPhase section */

/* Begin PBXTargetDependency section */
		414762121DEFA66700666F77 /* PBXTargetDependency */ = {
			isa = PBXTargetDependency;
			target = 414761FB1DEFA66700666F77 /* Inspector App */;
			targetProxy = 414762111DEFA66700666F77 /* PBXContainerItemProxy */;
		};
		4147621D1DEFA66800666F77 /* PBXTargetDependency */ = {
			isa = PBXTargetDependency;
			target = 414761FB1DEFA66700666F77 /* Inspector App */;
			targetProxy = 4147621C1DEFA66800666F77 /* PBXContainerItemProxy */;
		};
/* End PBXTargetDependency section */

/* Begin PBXVariantGroup section */
		414762031DEFA66700666F77 /* Main.storyboard */ = {
			isa = PBXVariantGroup;
			children = (
				414762041DEFA66700666F77 /* Base */,
			);
			name = Main.storyboard;
			sourceTree = "<group>";
		};
		414762081DEFA66700666F77 /* LaunchScreen.storyboard */ = {
			isa = PBXVariantGroup;
			children = (
				414762091DEFA66700666F77 /* Base */,
			);
			name = LaunchScreen.storyboard;
			sourceTree = "<group>";
		};
/* End PBXVariantGroup section */

/* Begin XCBuildConfiguration section */
		414762221DEFA66800666F77 /* Debug */ = {
			isa = XCBuildConfiguration;
			buildSettings = {
				ALWAYS_SEARCH_USER_PATHS = NO;
				CLANG_ANALYZER_NONNULL = YES;
				CLANG_CXX_LANGUAGE_STANDARD = "gnu++0x";
				CLANG_CXX_LIBRARY = "libc++";
				CLANG_ENABLE_MODULES = YES;
				CLANG_ENABLE_OBJC_ARC = YES;
				CLANG_WARN_BOOL_CONVERSION = YES;
				CLANG_WARN_CONSTANT_CONVERSION = YES;
				CLANG_WARN_DIRECT_OBJC_ISA_USAGE = YES_ERROR;
				CLANG_WARN_DOCUMENTATION_COMMENTS = YES;
				CLANG_WARN_EMPTY_BODY = YES;
				CLANG_WARN_ENUM_CONVERSION = YES;
				CLANG_WARN_INFINITE_RECURSION = YES;
				CLANG_WARN_INT_CONVERSION = YES;
				CLANG_WARN_OBJC_ROOT_CLASS = YES_ERROR;
				CLANG_WARN_SUSPICIOUS_MOVES = YES;
				CLANG_WARN_UNREACHABLE_CODE = YES;
				CLANG_WARN__DUPLICATE_METHOD_MATCH = YES;
				"CODE_SIGN_IDENTITY[sdk=iphoneos*]" = "iPhone Developer";
				COPY_PHASE_STRIP = NO;
				DEBUG_INFORMATION_FORMAT = dwarf;
				ENABLE_STRICT_OBJC_MSGSEND = YES;
				ENABLE_TESTABILITY = YES;
				GCC_C_LANGUAGE_STANDARD = gnu99;
				GCC_DYNAMIC_NO_PIC = NO;
				GCC_NO_COMMON_BLOCKS = YES;
				GCC_OPTIMIZATION_LEVEL = 0;
				GCC_PREPROCESSOR_DEFINITIONS = (
					"DEBUG=1",
					"$(inherited)",
				);
				GCC_WARN_64_TO_32_BIT_CONVERSION = YES;
				GCC_WARN_ABOUT_RETURN_TYPE = YES_ERROR;
				GCC_WARN_UNDECLARED_SELECTOR = YES;
				GCC_WARN_UNINITIALIZED_AUTOS = YES_AGGRESSIVE;
				GCC_WARN_UNUSED_FUNCTION = YES;
				GCC_WARN_UNUSED_VARIABLE = YES;
				IPHONEOS_DEPLOYMENT_TARGET = 10.0;
				MTL_ENABLE_DEBUG_INFO = YES;
				ONLY_ACTIVE_ARCH = YES;
				SDKROOT = iphoneos;
				SWIFT_ACTIVE_COMPILATION_CONDITIONS = DEBUG;
				SWIFT_OPTIMIZATION_LEVEL = "-Onone";
				TARGETED_DEVICE_FAMILY = 2;
			};
			name = Debug;
		};
		414762231DEFA66800666F77 /* Release */ = {
			isa = XCBuildConfiguration;
			buildSettings = {
				ALWAYS_SEARCH_USER_PATHS = NO;
				CLANG_ANALYZER_NONNULL = YES;
				CLANG_CXX_LANGUAGE_STANDARD = "gnu++0x";
				CLANG_CXX_LIBRARY = "libc++";
				CLANG_ENABLE_MODULES = YES;
				CLANG_ENABLE_OBJC_ARC = YES;
				CLANG_WARN_BOOL_CONVERSION = YES;
				CLANG_WARN_CONSTANT_CONVERSION = YES;
				CLANG_WARN_DIRECT_OBJC_ISA_USAGE = YES_ERROR;
				CLANG_WARN_DOCUMENTATION_COMMENTS = YES;
				CLANG_WARN_EMPTY_BODY = YES;
				CLANG_WARN_ENUM_CONVERSION = YES;
				CLANG_WARN_INFINITE_RECURSION = YES;
				CLANG_WARN_INT_CONVERSION = YES;
				CLANG_WARN_OBJC_ROOT_CLASS = YES_ERROR;
				CLANG_WARN_SUSPICIOUS_MOVES = YES;
				CLANG_WARN_UNREACHABLE_CODE = YES;
				CLANG_WARN__DUPLICATE_METHOD_MATCH = YES;
				"CODE_SIGN_IDENTITY[sdk=iphoneos*]" = "iPhone Developer";
				COPY_PHASE_STRIP = NO;
				DEBUG_INFORMATION_FORMAT = "dwarf-with-dsym";
				ENABLE_NS_ASSERTIONS = NO;
				ENABLE_STRICT_OBJC_MSGSEND = YES;
				GCC_C_LANGUAGE_STANDARD = gnu99;
				GCC_NO_COMMON_BLOCKS = YES;
				GCC_WARN_64_TO_32_BIT_CONVERSION = YES;
				GCC_WARN_ABOUT_RETURN_TYPE = YES_ERROR;
				GCC_WARN_UNDECLARED_SELECTOR = YES;
				GCC_WARN_UNINITIALIZED_AUTOS = YES_AGGRESSIVE;
				GCC_WARN_UNUSED_FUNCTION = YES;
				GCC_WARN_UNUSED_VARIABLE = YES;
				IPHONEOS_DEPLOYMENT_TARGET = 10.0;
				MTL_ENABLE_DEBUG_INFO = NO;
				SDKROOT = iphoneos;
				SWIFT_OPTIMIZATION_LEVEL = "-Owholemodule";
				TARGETED_DEVICE_FAMILY = 2;
				VALIDATE_PRODUCT = YES;
			};
			name = Release;
		};
		414762251DEFA66800666F77 /* Debug */ = {
			isa = XCBuildConfiguration;
			buildSettings = {
				ASSETCATALOG_COMPILER_APPICON_NAME = AppIcon;
				INFOPLIST_FILE = "Inspector App/Info.plist";
				LD_RUNPATH_SEARCH_PATHS = "$(inherited) @executable_path/Frameworks";
				PRODUCT_BUNDLE_IDENTIFIER = "com.Capstone.Inspector-App";
				PRODUCT_NAME = "$(TARGET_NAME)";
				SWIFT_VERSION = 3.0;
			};
			name = Debug;
		};
		414762261DEFA66800666F77 /* Release */ = {
			isa = XCBuildConfiguration;
			buildSettings = {
				ASSETCATALOG_COMPILER_APPICON_NAME = AppIcon;
				INFOPLIST_FILE = "Inspector App/Info.plist";
				LD_RUNPATH_SEARCH_PATHS = "$(inherited) @executable_path/Frameworks";
				PRODUCT_BUNDLE_IDENTIFIER = "com.Capstone.Inspector-App";
				PRODUCT_NAME = "$(TARGET_NAME)";
				SWIFT_VERSION = 3.0;
			};
			name = Release;
		};
		414762281DEFA66800666F77 /* Debug */ = {
			isa = XCBuildConfiguration;
			buildSettings = {
				ALWAYS_EMBED_SWIFT_STANDARD_LIBRARIES = YES;
				BUNDLE_LOADER = "$(TEST_HOST)";
				INFOPLIST_FILE = "Inspector AppTests/Info.plist";
				LD_RUNPATH_SEARCH_PATHS = "$(inherited) @executable_path/Frameworks @loader_path/Frameworks";
				PRODUCT_BUNDLE_IDENTIFIER = "com.Capstone.Inspector-AppTests";
				PRODUCT_NAME = "$(TARGET_NAME)";
				SWIFT_VERSION = 3.0;
				TEST_HOST = "$(BUILT_PRODUCTS_DIR)/Inspector App.app/Inspector App";
			};
			name = Debug;
		};
		414762291DEFA66800666F77 /* Release */ = {
			isa = XCBuildConfiguration;
			buildSettings = {
				ALWAYS_EMBED_SWIFT_STANDARD_LIBRARIES = YES;
				BUNDLE_LOADER = "$(TEST_HOST)";
				INFOPLIST_FILE = "Inspector AppTests/Info.plist";
				LD_RUNPATH_SEARCH_PATHS = "$(inherited) @executable_path/Frameworks @loader_path/Frameworks";
				PRODUCT_BUNDLE_IDENTIFIER = "com.Capstone.Inspector-AppTests";
				PRODUCT_NAME = "$(TARGET_NAME)";
				SWIFT_VERSION = 3.0;
				TEST_HOST = "$(BUILT_PRODUCTS_DIR)/Inspector App.app/Inspector App";
			};
			name = Release;
		};
		4147622B1DEFA66800666F77 /* Debug */ = {
			isa = XCBuildConfiguration;
			buildSettings = {
				ALWAYS_EMBED_SWIFT_STANDARD_LIBRARIES = YES;
				INFOPLIST_FILE = "Inspector AppUITests/Info.plist";
				LD_RUNPATH_SEARCH_PATHS = "$(inherited) @executable_path/Frameworks @loader_path/Frameworks";
				PRODUCT_BUNDLE_IDENTIFIER = "com.Capstone.Inspector-AppUITests";
				PRODUCT_NAME = "$(TARGET_NAME)";
				SWIFT_VERSION = 3.0;
				TEST_TARGET_NAME = "Inspector App";
			};
			name = Debug;
		};
		4147622C1DEFA66800666F77 /* Release */ = {
			isa = XCBuildConfiguration;
			buildSettings = {
				ALWAYS_EMBED_SWIFT_STANDARD_LIBRARIES = YES;
				INFOPLIST_FILE = "Inspector AppUITests/Info.plist";
				LD_RUNPATH_SEARCH_PATHS = "$(inherited) @executable_path/Frameworks @loader_path/Frameworks";
				PRODUCT_BUNDLE_IDENTIFIER = "com.Capstone.Inspector-AppUITests";
				PRODUCT_NAME = "$(TARGET_NAME)";
				SWIFT_VERSION = 3.0;
				TEST_TARGET_NAME = "Inspector App";
			};
			name = Release;
		};
/* End XCBuildConfiguration section */

/* Begin XCConfigurationList section */
		414761F71DEFA66700666F77 /* Build configuration list for PBXProject "Inspector App" */ = {
			isa = XCConfigurationList;
			buildConfigurations = (
				414762221DEFA66800666F77 /* Debug */,
				414762231DEFA66800666F77 /* Release */,
			);
			defaultConfigurationIsVisible = 0;
			defaultConfigurationName = Release;
		};
		414762241DEFA66800666F77 /* Build configuration list for PBXNativeTarget "Inspector App" */ = {
			isa = XCConfigurationList;
			buildConfigurations = (
				414762251DEFA66800666F77 /* Debug */,
				414762261DEFA66800666F77 /* Release */,
			);
			defaultConfigurationIsVisible = 0;
			defaultConfigurationName = Release;
		};
		414762271DEFA66800666F77 /* Build configuration list for PBXNativeTarget "Inspector AppTests" */ = {
			isa = XCConfigurationList;
			buildConfigurations = (
				414762281DEFA66800666F77 /* Debug */,
				414762291DEFA66800666F77 /* Release */,
			);
			defaultConfigurationIsVisible = 0;
			defaultConfigurationName = Release;
		};
		4147622A1DEFA66800666F77 /* Build configuration list for PBXNativeTarget "Inspector AppUITests" */ = {
			isa = XCConfigurationList;
			buildConfigurations = (
				4147622B1DEFA66800666F77 /* Debug */,
				4147622C1DEFA66800666F77 /* Release */,
			);
			defaultConfigurationIsVisible = 0;
			defaultConfigurationName = Release;
		};
/* End XCConfigurationList section */
	};
	rootObject = 414761F41DEFA66700666F77 /* Project object */;
}
